// !$*UTF8*$!
{
	archiveVersion = 1;
	classes = {
	};
	objectVersion = 46;
	objects = {

/* Begin PBXBuildFile section */
		48E3C5341B524D920027B215 /* main.m in Sources */ = {isa = PBXBuildFile; fileRef = 48E3C5331B524D920027B215 /* main.m */; };
		48E3C5371B524D920027B215 /* AppDelegate.m in Sources */ = {isa = PBXBuildFile; fileRef = 48E3C5361B524D920027B215 /* AppDelegate.m */; };
		48E3C53A1B524D920027B215 /* ViewController.m in Sources */ = {isa = PBXBuildFile; fileRef = 48E3C5391B524D920027B215 /* ViewController.m */; };
		48E3C53D1B524D920027B215 /* Main.storyboard in Resources */ = {isa = PBXBuildFile; fileRef = 48E3C53B1B524D920027B215 /* Main.storyboard */; };
		48E3C53F1B524D920027B215 /* Images.xcassets in Resources */ = {isa = PBXBuildFile; fileRef = 48E3C53E1B524D920027B215 /* Images.xcassets */; };
		48E3C5421B524D920027B215 /* LaunchScreen.xib in Resources */ = {isa = PBXBuildFile; fileRef = 48E3C5401B524D920027B215 /* LaunchScreen.xib */; };
		48E3C54E1B524D930027B215 /* wTests.m in Sources */ = {isa = PBXBuildFile; fileRef = 48E3C54D1B524D930027B215 /* wTests.m */; };
/* End PBXBuildFile section */

/* Begin PBXContainerItemProxy section */
		48E3C5481B524D930027B215 /* PBXContainerItemProxy */ = {
			isa = PBXContainerItemProxy;
			containerPortal = 48E3C5261B524D920027B215 /* Project object */;
			proxyType = 1;
			remoteGlobalIDString = 48E3C52D1B524D920027B215;
			remoteInfo = w;
		};
/* End PBXContainerItemProxy section */

/* Begin PBXFileReference section */
		48E3C52E1B524D920027B215 /* w.app */ = {isa = PBXFileReference; explicitFileType = wrapper.application; includeInIndex = 0; path = w.app; sourceTree = BUILT_PRODUCTS_DIR; };
		48E3C5321B524D920027B215 /* Info.plist */ = {isa = PBXFileReference; lastKnownFileType = text.plist.xml; path = Info.plist; sourceTree = "<group>"; };
		48E3C5331B524D920027B215 /* main.m */ = {isa = PBXFileReference; lastKnownFileType = sourcecode.c.objc; path = main.m; sourceTree = "<group>"; };
		48E3C5351B524D920027B215 /* AppDelegate.h */ = {isa = PBXFileReference; lastKnownFileType = sourcecode.c.h; path = AppDelegate.h; sourceTree = "<group>"; };
		48E3C5361B524D920027B215 /* AppDelegate.m */ = {isa = PBXFileReference; lastKnownFileType = sourcecode.c.objc; path = AppDelegate.m; sourceTree = "<group>"; };
		48E3C5381B524D920027B215 /* ViewController.h */ = {isa = PBXFileReference; lastKnownFileType = sourcecode.c.h; path = ViewController.h; sourceTree = "<group>"; };
		48E3C5391B524D920027B215 /* ViewController.m */ = {isa = PBXFileReference; lastKnownFileType = sourcecode.c.objc; path = ViewController.m; sourceTree = "<group>"; };
		48E3C53C1B524D920027B215 /* Base */ = {isa = PBXFileReference; lastKnownFileType = file.storyboard; name = Base; path = Base.lproj/Main.storyboard; sourceTree = "<group>"; };
		48E3C53E1B524D920027B215 /* Images.xcassets */ = {isa = PBXFileReference; lastKnownFileType = folder.assetcatalog; path = Images.xcassets; sourceTree = "<group>"; };
		48E3C5411B524D920027B215 /* Base */ = {isa = PBXFileReference; lastKnownFileType = file.xib; name = Base; path = Base.lproj/LaunchScreen.xib; sourceTree = "<group>"; };
		48E3C5471B524D930027B215 /* wTests.xctest */ = {isa = PBXFileReference; explicitFileType = wrapper.cfbundle; includeInIndex = 0; path = wTests.xctest; sourceTree = BUILT_PRODUCTS_DIR; };
		48E3C54C1B524D930027B215 /* Info.plist */ = {isa = PBXFileReference; lastKnownFileType = text.plist.xml; path = Info.plist; sourceTree = "<group>"; };
		48E3C54D1B524D930027B215 /* wTests.m */ = {isa = PBXFileReference; lastKnownFileType = sourcecode.c.objc; path = wTests.m; sourceTree = "<group>"; };
/* End PBXFileReference section */

/* Begin PBXFrameworksBuildPhase section */
		48E3C52B1B524D920027B215 /* Frameworks */ = {
			isa = PBXFrameworksBuildPhase;
			buildActionMask = 2147483647;
			files = (
			);
			runOnlyForDeploymentPostprocessing = 0;
		};
		48E3C5441B524D930027B215 /* Frameworks */ = {
			isa = PBXFrameworksBuildPhase;
			buildActionMask = 2147483647;
			files = (
			);
			runOnlyForDeploymentPostprocessing = 0;
		};
/* End PBXFrameworksBuildPhase section */

/* Begin PBXGroup section */
		48E3C5251B524D920027B215 = {
			isa = PBXGroup;
			children = (
				48E3C5301B524D920027B215 /* w */,
				48E3C54A1B524D930027B215 /* wTests */,
				48E3C52F1B524D920027B215 /* Products */,
			);
			sourceTree = "<group>";
		};
		48E3C52F1B524D920027B215 /* Products */ = {
			isa = PBXGroup;
			children = (
				48E3C52E1B524D920027B215 /* w.app */,
				48E3C5471B524D930027B215 /* wTests.xctest */,
			);
			name = Products;
			sourceTree = "<group>";
		};
		48E3C5301B524D920027B215 /* w */ = {
			isa = PBXGroup;
			children = (
				48E3C5351B524D920027B215 /* AppDelegate.h */,
				48E3C5361B524D920027B215 /* AppDelegate.m */,
				48E3C5381B524D920027B215 /* ViewController.h */,
				48E3C5391B524D920027B215 /* ViewController.m */,
				48E3C53B1B524D920027B215 /* Main.storyboard */,
				48E3C53E1B524D920027B215 /* Images.xcassets */,
				48E3C5401B524D920027B215 /* LaunchScreen.xib */,
				48E3C5311B524D920027B215 /* Supporting Files */,
			);
			path = w;
			sourceTree = "<group>";
		};
		48E3C5311B524D920027B215 /* Supporting Files */ = {
			isa = PBXGroup;
			children = (
				48E3C5321B524D920027B215 /* Info.plist */,
				48E3C5331B524D920027B215 /* main.m */,
			);
			name = "Supporting Files";
			sourceTree = "<group>";
		};
		48E3C54A1B524D930027B215 /* wTests */ = {
			isa = PBXGroup;
			children = (
				48E3C54D1B524D930027B215 /* wTests.m */,
				48E3C54B1B524D930027B215 /* Supporting Files */,
			);
			path = wTests;
			sourceTree = "<group>";
		};
		48E3C54B1B524D930027B215 /* Supporting Files */ = {
			isa = PBXGroup;
			children = (
				48E3C54C1B524D930027B215 /* Info.plist */,
			);
			name = "Supporting Files";
			sourceTree = "<group>";
		};
/* End PBXGroup section */

/* Begin PBXNativeTarget section */
		48E3C52D1B524D920027B215 /* w */ = {
			isa = PBXNativeTarget;
			buildConfigurationList = 48E3C5511B524D930027B215 /* Build configuration list for PBXNativeTarget "w" */;
			buildPhases = (
				48E3C52A1B524D920027B215 /* Sources */,
				48E3C52B1B524D920027B215 /* Frameworks */,
				48E3C52C1B524D920027B215 /* Resources */,
			);
			buildRules = (
			);
			dependencies = (
			);
			name = w;
			productName = w;
			productReference = 48E3C52E1B524D920027B215 /* w.app */;
			productType = "com.apple.product-type.application";
		};
		48E3C5461B524D930027B215 /* wTests */ = {
			isa = PBXNativeTarget;
			buildConfigurationList = 48E3C5541B524D930027B215 /* Build configuration list for PBXNativeTarget "wTests" */;
			buildPhases = (
				48E3C5431B524D930027B215 /* Sources */,
				48E3C5441B524D930027B215 /* Frameworks */,
				48E3C5451B524D930027B215 /* Resources */,
			);
			buildRules = (
			);
			dependencies = (
				48E3C5491B524D930027B215 /* PBXTargetDependency */,
			);
			name = wTests;
			productName = wTests;
			productReference = 48E3C5471B524D930027B215 /* wTests.xctest */;
			productType = "com.apple.product-type.bundle.unit-test";
		};
/* End PBXNativeTarget section */

/* Begin PBXProject section */
		48E3C5261B524D920027B215 /* Project object */ = {
			isa = PBXProject;
			attributes = {
				LastUpgradeCheck = 0620;
				ORGANIZATIONNAME = wing;
				TargetAttributes = {
					48E3C52D1B524D920027B215 = {
						CreatedOnToolsVersion = 6.2;
					};
					48E3C5461B524D930027B215 = {
						CreatedOnToolsVersion = 6.2;
						TestTargetID = 48E3C52D1B524D920027B215;
					};
				};
			};
			buildConfigurationList = 48E3C5291B524D920027B215 /* Build configuration list for PBXProject "w" */;
			compatibilityVersion = "Xcode 3.2";
			developmentRegion = English;
			hasScannedForEncodings = 0;
			knownRegions = (
				en,
				Base,
			);
			mainGroup = 48E3C5251B524D920027B215;
			productRefGroup = 48E3C52F1B524D920027B215 /* Products */;
			projectDirPath = "";
			projectRoot = "";
			targets = (
				48E3C52D1B524D920027B215 /* w */,
				48E3C5461B524D930027B215 /* wTests */,
			);
		};
/* End PBXProject section */

/* Begin PBXResourcesBuildPhase section */
		48E3C52C1B524D920027B215 /* Resources */ = {
			isa = PBXResourcesBuildPhase;
			buildActionMask = 2147483647;
			files = (
				48E3C53D1B524D920027B215 /* Main.storyboard in Resources */,
				48E3C5421B524D920027B215 /* LaunchScreen.xib in Resources */,
				48E3C53F1B524D920027B215 /* Images.xcassets in Resources */,
			);
			runOnlyForDeploymentPostprocessing = 0;
		};
		48E3C5451B524D930027B215 /* Resources */ = {
			isa = PBXResourcesBuildPhase;
			buildActionMask = 2147483647;
			files = (
			);
			runOnlyForDeploymentPostprocessing = 0;
		};
/* End PBXResourcesBuildPhase section */

/* Begin PBXSourcesBuildPhase section */
		48E3C52A1B524D920027B215 /* Sources */ = {
			isa = PBXSourcesBuildPhase;
			buildActionMask = 2147483647;
			files = (
				48E3C53A1B524D920027B215 /* ViewController.m in Sources */,
				48E3C5371B524D920027B215 /* AppDelegate.m in Sources */,
				48E3C5341B524D920027B215 /* main.m in Sources */,
			);
			runOnlyForDeploymentPostprocessing = 0;
		};
		48E3C5431B524D930027B215 /* Sources */ = {
			isa = PBXSourcesBuildPhase;
			buildActionMask = 2147483647;
			files = (
				48E3C54E1B524D930027B215 /* wTests.m in Sources */,
			);
			runOnlyForDeploymentPostprocessing = 0;
		};
/* End PBXSourcesBuildPhase section */

/* Begin PBXTargetDependency section */
		48E3C5491B524D930027B215 /* PBXTargetDependency */ = {
			isa = PBXTargetDependency;
			target = 48E3C52D1B524D920027B215 /* w */;
			targetProxy = 48E3C5481B524D930027B215 /* PBXContainerItemProxy */;
		};
/* End PBXTargetDependency section */

/* Begin PBXVariantGroup section */
		48E3C53B1B524D920027B215 /* Main.storyboard */ = {
			isa = PBXVariantGroup;
			children = (
				48E3C53C1B524D920027B215 /* Base */,
			);
			name = Main.storyboard;
			sourceTree = "<group>";
		};
		48E3C5401B524D920027B215 /* LaunchScreen.xib */ = {
			isa = PBXVariantGroup;
			children = (
				48E3C5411B524D920027B215 /* Base */,
			);
			name = LaunchScreen.xib;
			sourceTree = "<group>";
		};
/* End PBXVariantGroup section */

/* Begin XCBuildConfiguration section */
		48E3C54F1B524D930027B215 /* Debug */ = {
			isa = XCBuildConfiguration;
			buildSettings = {
				ALWAYS_SEARCH_USER_PATHS = NO;
				CLANG_CXX_LANGUAGE_STANDARD = "gnu++0x";
				CLANG_CXX_LIBRARY = "libc++";
				CLANG_ENABLE_MODULES = YES;
				CLANG_ENABLE_OBJC_ARC = YES;
				CLANG_WARN_BOOL_CONVERSION = YES;
				CLANG_WARN_CONSTANT_CONVERSION = YES;
				CLANG_WARN_DIRECT_OBJC_ISA_USAGE = YES_ERROR;
				CLANG_WARN_EMPTY_BODY = YES;
				CLANG_WARN_ENUM_CONVERSION = YES;
				CLANG_WARN_INT_CONVERSION = YES;
				CLANG_WARN_OBJC_ROOT_CLASS = YES_ERROR;
				CLANG_WARN_UNREACHABLE_CODE = YES;
				CLANG_WARN__DUPLICATE_METHOD_MATCH = YES;
				"CODE_SIGN_IDENTITY[sdk=iphoneos*]" = "iPhone Developer";
				COPY_PHASE_STRIP = NO;
				ENABLE_STRICT_OBJC_MSGSEND = YES;
				GCC_C_LANGUAGE_STANDARD = gnu99;
				GCC_DYNAMIC_NO_PIC = NO;
				GCC_OPTIMIZATION_LEVEL = 0;
				GCC_PREPROCESSOR_DEFINITIONS = (
					"DEBUG=1",
					"$(inherited)",
				);
				GCC_SYMBOLS_PRIVATE_EXTERN = NO;
				GCC_WARN_64_TO_32_BIT_CONVERSION = YES;
				GCC_WARN_ABOUT_RETURN_TYPE = YES_ERROR;
				GCC_WARN_UNDECLARED_SELECTOR = YES;
				GCC_WARN_UNINITIALIZED_AUTOS = YES_AGGRESSIVE;
				GCC_WARN_UNUSED_FUNCTION = YES;
				GCC_WARN_UNUSED_VARIABLE = YES;
				IPHONEOS_DEPLOYMENT_TARGET = 8.2;
				MTL_ENABLE_DEBUG_INFO = YES;
				ONLY_ACTIVE_ARCH = YES;
				SDKROOT = iphoneos;
			};
			name = Debug;
		};
		48E3C5501B524D930027B215 /* Release */ = {
			isa = XCBuildConfiguration;
			buildSettings = {
				ALWAYS_SEARCH_USER_PATHS = NO;
				CLANG_CXX_LANGUAGE_STANDARD = "gnu++0x";
				CLANG_CXX_LIBRARY = "libc++";
				CLANG_ENABLE_MODULES = YES;
				CLANG_ENABLE_OBJC_ARC = YES;
				CLANG_WARN_BOOL_CONVERSION = YES;
				CLANG_WARN_CONSTANT_CONVERSION = YES;
				CLANG_WARN_DIRECT_OBJC_ISA_USAGE = YES_ERROR;
				CLANG_WARN_EMPTY_BODY = YES;
				CLANG_WARN_ENUM_CONVERSION = YES;
				CLANG_WARN_INT_CONVERSION = YES;
				CLANG_WARN_OBJC_ROOT_CLASS = YES_ERROR;
				CLANG_WARN_UNREACHABLE_CODE = YES;
				CLANG_WARN__DUPLICATE_METHOD_MATCH = YES;
				"CODE_SIGN_IDENTITY[sdk=iphoneos*]" = "iPhone Developer";
				COPY_PHASE_STRIP = NO;
				ENABLE_NS_ASSERTIONS = NO;
				ENABLE_STRICT_OBJC_MSGSEND = YES;
				GCC_C_LANGUAGE_STANDARD = gnu99;
				GCC_WARN_64_TO_32_BIT_CONVERSION = YES;
				GCC_WARN_ABOUT_RETURN_TYPE = YES_ERROR;
				GCC_WARN_UNDECLARED_SELECTOR = YES;
				GCC_WARN_UNINITIALIZED_AUTOS = YES_AGGRESSIVE;
				GCC_WARN_UNUSED_FUNCTION = YES;
				GCC_WARN_UNUSED_VARIABLE = YES;
				IPHONEOS_DEPLOYMENT_TARGET = 8.2;
				MTL_ENABLE_DEBUG_INFO = NO;
				SDKROOT = iphoneos;
				VALIDATE_PRODUCT = YES;
			};
			name = Release;
		};
		48E3C5521B524D930027B215 /* Debug */ = {
			isa = XCBuildConfiguration;
			buildSettings = {
				ASSETCATALOG_COMPILER_APPICON_NAME = AppIcon;
				INFOPLIST_FILE = w/Info.plist;
				LD_RUNPATH_SEARCH_PATHS = "$(inherited) @executable_path/Frameworks";
				PRODUCT_NAME = "$(TARGET_NAME)";
			};
			name = Debug;
		};
		48E3C5531B524D930027B215 /* Release */ = {
			isa = XCBuildConfiguration;
			buildSettings = {
				ASSETCATALOG_COMPILER_APPICON_NAME = AppIcon;
				INFOPLIST_FILE = w/Info.plist;
				LD_RUNPATH_SEARCH_PATHS = "$(inherited) @executable_path/Frameworks";
				PRODUCT_NAME = "$(TARGET_NAME)";
			};
			name = Release;
		};
		48E3C5551B524D930027B215 /* Debug */ = {
			isa = XCBuildConfiguration;
			buildSettings = {
				BUNDLE_LOADER = "$(TEST_HOST)";
				FRAMEWORK_SEARCH_PATHS = (
					"$(SDKROOT)/Developer/Library/Frameworks",
					"$(inherited)",
				);
				GCC_PREPROCESSOR_DEFINITIONS = (
					"DEBUG=1",
					"$(inherited)",
				);
				INFOPLIST_FILE = wTests/Info.plist;
				LD_RUNPATH_SEARCH_PATHS = "$(inherited) @executable_path/Frameworks @loader_path/Frameworks";
				PRODUCT_NAME = "$(TARGET_NAME)";
				TEST_HOST = "$(BUILT_PRODUCTS_DIR)/w.app/w";
			};
			name = Debug;
		};
		48E3C5561B524D930027B215 /* Release */ = {
			isa = XCBuildConfiguration;
			buildSettings = {
				BUNDLE_LOADER = "$(TEST_HOST)";
				FRAMEWORK_SEARCH_PATHS = (
					"$(SDKROOT)/Developer/Library/Frameworks",
					"$(inherited)",
				);
				INFOPLIST_FILE = wTests/Info.plist;
				LD_RUNPATH_SEARCH_PATHS = "$(inherited) @executable_path/Frameworks @loader_path/Frameworks";
				PRODUCT_NAME = "$(TARGET_NAME)";
				TEST_HOST = "$(BUILT_PRODUCTS_DIR)/w.app/w";
			};
			name = Release;
		};
/* End XCBuildConfiguration section */

/* Begin XCConfigurationList section */
		48E3C5291B524D920027B215 /* Build configuration list for PBXProject "w" */ = {
			isa = XCConfigurationList;
			buildConfigurations = (
				48E3C54F1B524D930027B215 /* Debug */,
				48E3C5501B524D930027B215 /* Release */,
			);
			defaultConfigurationIsVisible = 0;
			defaultConfigurationName = Release;
		};
		48E3C5511B524D930027B215 /* Build configuration list for PBXNativeTarget "w" */ = {
			isa = XCConfigurationList;
			buildConfigurations = (
				48E3C5521B524D930027B215 /* Debug */,
				48E3C5531B524D930027B215 /* Release */,
			);
			defaultConfigurationIsVisible = 0;
		};
		48E3C5541B524D930027B215 /* Build configuration list for PBXNativeTarget "wTests" */ = {
			isa = XCConfigurationList;
			buildConfigurations = (
				48E3C5551B524D930027B215 /* Debug */,
				48E3C5561B524D930027B215 /* Release */,
			);
			defaultConfigurationIsVisible = 0;
		};
/* End XCConfigurationList section */
	};
	rootObject = 48E3C5261B524D920027B215 /* Project object */;
}
